
Microsoft Visual Studio Solution File, Format Version 12.00
# Visual Studio Version 16
VisualStudioVersion = 16.0.29215.179
MinimumVisualStudioVersion = 10.0.40219.1
Project("{8BC9CEB8-8B4A-11D0-8D11-00A0C91BC942}") = "ifrpgmvp", "ifrpgmvp\ifrpgmvp.vcxproj", "{92F64FA1-4789-4CDC-9D43-7ACB27B426C8}"
EndProject
Global
	GlobalSection(SolutionConfigurationPlatforms) = preSolution
		Debug_24bpp|x64 = Debug_24bpp|x64
		Debug_24bpp|x86 = Debug_24bpp|x86
		Debug_32bpp|x64 = Debug_32bpp|x64
		Debug_32bpp|x86 = Debug_32bpp|x86
		Release_24bpp|x64 = Release_24bpp|x64
		Release_24bpp|x86 = Release_24bpp|x86
		Release_32bpp|x64 = Release_32bpp|x64
		Release_32bpp|x86 = Release_32bpp|x86
	EndGlobalSection
	GlobalSection(ProjectConfigurationPlatforms) = postSolution
		{92F64FA1-4789-4CDC-9D43-7ACB27B426C8}.Debug_24bpp|x64.ActiveCfg = Debug_24bpp|x64
		{92F64FA1-4789-4CDC-9D43-7ACB27B426C8}.Debug_24bpp|x64.Build.0 = Debug_24bpp|x64
		{92F64FA1-4789-4CDC-9D43-7ACB27B426C8}.Debug_24bpp|x86.ActiveCfg = Debug_24bpp|Win32
		{92F64FA1-4789-4CDC-9D43-7ACB27B426C8}.Debug_24bpp|x86.Build.0 = Debug_24bpp|Win32
		{92F64FA1-4789-4CDC-9D43-7ACB27B426C8}.Debug_32bpp|x64.ActiveCfg = Debug_32bpp|x64
		{92F64FA1-4789-4CDC-9D43-7ACB27B426C8}.Debug_32bpp|x64.Build.0 = Debug_32bpp|x64
		{92F64FA1-4789-4CDC-9D43-7ACB27B426C8}.Debug_32bpp|x86.ActiveCfg = Debug_32bpp|Win32
		{92F64FA1-4789-4CDC-9D43-7ACB27B426C8}.Debug_32bpp|x86.Build.0 = Debug_32bpp|Win32
		{92F64FA1-4789-4CDC-9D43-7ACB27B426C8}.Release_24bpp|x64.ActiveCfg = Release_24bpp|x64
		{92F64FA1-4789-4CDC-9D43-7ACB27B426C8}.Release_24bpp|x64.Build.0 = Release_24bpp|x64
		{92F64FA1-4789-4CDC-9D43-7ACB27B426C8}.Release_24bpp|x86.ActiveCfg = Release_24bpp|Win32
		{92F64FA1-4789-4CDC-9D43-7ACB27B426C8}.Release_24bpp|x86.Build.0 = Release_24bpp|Win32
		{92F64FA1-4789-4CDC-9D43-7ACB27B426C8}.Release_32bpp|x64.ActiveCfg = Release_32bpp|x64
		{92F64FA1-4789-4CDC-9D43-7ACB27B426C8}.Release_32bpp|x64.Build.0 = Release_32bpp|x64
		{92F64FA1-4789-4CDC-9D43-7ACB27B426C8}.Release_32bpp|x86.ActiveCfg = Release_32bpp|Win32
		{92F64FA1-4789-4CDC-9D43-7ACB27B426C8}.Release_32bpp|x86.Build.0 = Release_32bpp|Win32
	EndGlobalSection
	GlobalSection(SolutionProperties) = preSolution
		HideSolutionNode = FALSE
	EndGlobalSection
	GlobalSection(ExtensibilityGlobals) = postSolution
		SolutionGuid = {99FADF06-1F6A-486D-A722-16E913262EEC}
	EndGlobalSection
EndGlobal
